// !$*UTF8*$!
{
	archiveVersion = 1;
	classes = {
	};
	objectVersion = 50;
	objects = {

/* Begin PBXBuildFile section */
		EAA6EA69221D6E0C00E9A813 /* AppDelegate.swift in Sources */ = {isa = PBXBuildFile; fileRef = EAA6EA68221D6E0C00E9A813 /* AppDelegate.swift */; };
		EAA6EA6D221D6E0C00E9A813 /* Actions.sks in Resources */ = {isa = PBXBuildFile; fileRef = EAA6EA6C221D6E0C00E9A813 /* Actions.sks */; };
		EAA6EA71221D6E0C00E9A813 /* GameViewController.swift in Sources */ = {isa = PBXBuildFile; fileRef = EAA6EA70221D6E0C00E9A813 /* GameViewController.swift */; };
		EAA6EA74221D6E0C00E9A813 /* Main.storyboard in Resources */ = {isa = PBXBuildFile; fileRef = EAA6EA72221D6E0C00E9A813 /* Main.storyboard */; };
		EAA6EA76221D6E0E00E9A813 /* Assets.xcassets in Resources */ = {isa = PBXBuildFile; fileRef = EAA6EA75221D6E0E00E9A813 /* Assets.xcassets */; };
		EAA6EA79221D6E0E00E9A813 /* LaunchScreen.storyboard in Resources */ = {isa = PBXBuildFile; fileRef = EAA6EA77221D6E0E00E9A813 /* LaunchScreen.storyboard */; };
		EAA6EA8422254BFC00E9A813 /* Starfield.sks in Resources */ = {isa = PBXBuildFile; fileRef = EAA6EA8022254BFB00E9A813 /* Starfield.sks */; };
		EAA6EA8522254BFC00E9A813 /* explosion.mp3 in Resources */ = {isa = PBXBuildFile; fileRef = EAA6EA8122254BFB00E9A813 /* explosion.mp3 */; };
		EAA6EA8622254BFC00E9A813 /* laser.mp3 in Resources */ = {isa = PBXBuildFile; fileRef = EAA6EA8222254BFB00E9A813 /* laser.mp3 */; };
		EAA6EA8722254BFC00E9A813 /* Explosion.sks in Resources */ = {isa = PBXBuildFile; fileRef = EAA6EA8322254BFC00E9A813 /* Explosion.sks */; };
		EAA6EA8E22254C1100E9A813 /* laserbeam.png in Resources */ = {isa = PBXBuildFile; fileRef = EAA6EA8822254C1000E9A813 /* laserbeam.png */; };
		EAA6EA8F22254C1100E9A813 /* title.png in Resources */ = {isa = PBXBuildFile; fileRef = EAA6EA8922254C1000E9A813 /* title.png */; };
		EAA6EA9022254C1100E9A813 /* gameover.png in Resources */ = {isa = PBXBuildFile; fileRef = EAA6EA8A22254C1000E9A813 /* gameover.png */; };
		EAA6EA9122254C1100E9A813 /* difficulty.png in Resources */ = {isa = PBXBuildFile; fileRef = EAA6EA8B22254C1000E9A813 /* difficulty.png */; };
		EAA6EA9222254C1100E9A813 /* spaceship.png in Resources */ = {isa = PBXBuildFile; fileRef = EAA6EA8C22254C1000E9A813 /* spaceship.png */; };
		EAA6EA9322254C1100E9A813 /* invader.png in Resources */ = {isa = PBXBuildFile; fileRef = EAA6EA8D22254C1100E9A813 /* invader.png */; };
		EAA6EA9D2225508E00E9A813 /* spark.png in Resources */ = {isa = PBXBuildFile; fileRef = EAA6EA9C2225508E00E9A813 /* spark.png */; };
		EAA6EAA32225515500E9A813 /* SelectDiffScene.sks in Resources */ = {isa = PBXBuildFile; fileRef = EAA6EAA22225515500E9A813 /* SelectDiffScene.sks */; };
		EAA6EAA5222551EB00E9A813 /* MenuScene.sks in Resources */ = {isa = PBXBuildFile; fileRef = EAA6EAA4222551EB00E9A813 /* MenuScene.sks */; };
		EAA6EABF22255FD000E9A813 /* MenuScene.swift in Sources */ = {isa = PBXBuildFile; fileRef = EAA6EABE22255FD000E9A813 /* MenuScene.swift */; };
		EAA6EAC1222566C900E9A813 /* InstructionScene.sks in Resources */ = {isa = PBXBuildFile; fileRef = EAA6EAC0222566C900E9A813 /* InstructionScene.sks */; };
		EAA6EAC3222566EF00E9A813 /* CreditScene.sks in Resources */ = {isa = PBXBuildFile; fileRef = EAA6EAC2222566EF00E9A813 /* CreditScene.sks */; };
		EAA6EADD2226D95100E9A813 /* InstructionScene.swift in Sources */ = {isa = PBXBuildFile; fileRef = EAA6EADC2226D95100E9A813 /* InstructionScene.swift */; };
		EAA6EADF2227FDAC00E9A813 /* CreditScene.swift in Sources */ = {isa = PBXBuildFile; fileRef = EAA6EADE2227FDAC00E9A813 /* CreditScene.swift */; };
		EAA6EAE12228589E00E9A813 /* SelectDiffScene.swift in Sources */ = {isa = PBXBuildFile; fileRef = EAA6EAE02228589E00E9A813 /* SelectDiffScene.swift */; };
		EAA6EAE3223E758A00E9A813 /* GameScene.sks in Resources */ = {isa = PBXBuildFile; fileRef = EAA6EAE2223E758A00E9A813 /* GameScene.sks */; };
		EAA6EAE5223E75AF00E9A813 /* GameScene.swift in Sources */ = {isa = PBXBuildFile; fileRef = EAA6EAE4223E75AF00E9A813 /* GameScene.swift */; };
		EAA6EAE72258CAA800E9A813 /* GameOverScene.sks in Resources */ = {isa = PBXBuildFile; fileRef = EAA6EAE62258CAA800E9A813 /* GameOverScene.sks */; };
		EAA6EAE92258CABE00E9A813 /* GameOverScene.swift in Sources */ = {isa = PBXBuildFile; fileRef = EAA6EAE82258CABE00E9A813 /* GameOverScene.swift */; };
/* End PBXBuildFile section */

/* Begin PBXFileReference section */
		EAA6EA65221D6E0C00E9A813 /* Swift_Rift.app */ = {isa = PBXFileReference; explicitFileType = wrapper.application; includeInIndex = 0; path = Swift_Rift.app; sourceTree = BUILT_PRODUCTS_DIR; };
		EAA6EA68221D6E0C00E9A813 /* AppDelegate.swift */ = {isa = PBXFileReference; lastKnownFileType = sourcecode.swift; path = AppDelegate.swift; sourceTree = "<group>"; };
		EAA6EA6C221D6E0C00E9A813 /* Actions.sks */ = {isa = PBXFileReference; lastKnownFileType = file.sks; path = Actions.sks; sourceTree = "<group>"; };
		EAA6EA70221D6E0C00E9A813 /* GameViewController.swift */ = {isa = PBXFileReference; lastKnownFileType = sourcecode.swift; path = GameViewController.swift; sourceTree = "<group>"; };
		EAA6EA73221D6E0C00E9A813 /* Base */ = {isa = PBXFileReference; lastKnownFileType = file.storyboard; name = Base; path = Base.lproj/Main.storyboard; sourceTree = "<group>"; };
		EAA6EA75221D6E0E00E9A813 /* Assets.xcassets */ = {isa = PBXFileReference; lastKnownFileType = folder.assetcatalog; path = Assets.xcassets; sourceTree = "<group>"; };
		EAA6EA78221D6E0E00E9A813 /* Base */ = {isa = PBXFileReference; lastKnownFileType = file.storyboard; name = Base; path = Base.lproj/LaunchScreen.storyboard; sourceTree = "<group>"; };
		EAA6EA7A221D6E0E00E9A813 /* Info.plist */ = {isa = PBXFileReference; lastKnownFileType = text.plist.xml; path = Info.plist; sourceTree = "<group>"; };
		EAA6EA8022254BFB00E9A813 /* Starfield.sks */ = {isa = PBXFileReference; lastKnownFileType = file.sks; name = Starfield.sks; path = ../../Assets/Starfield.sks; sourceTree = "<group>"; };
		EAA6EA8122254BFB00E9A813 /* explosion.mp3 */ = {isa = PBXFileReference; lastKnownFileType = audio.mp3; name = explosion.mp3; path = ../../Assets/explosion.mp3; sourceTree = "<group>"; };
		EAA6EA8222254BFB00E9A813 /* laser.mp3 */ = {isa = PBXFileReference; lastKnownFileType = audio.mp3; name = laser.mp3; path = ../../Assets/laser.mp3; sourceTree = "<group>"; };
		EAA6EA8322254BFC00E9A813 /* Explosion.sks */ = {isa = PBXFileReference; lastKnownFileType = file.sks; name = Explosion.sks; path = ../../Assets/Explosion.sks; sourceTree = "<group>"; };
		EAA6EA8822254C1000E9A813 /* laserbeam.png */ = {isa = PBXFileReference; lastKnownFileType = image.png; name = laserbeam.png; path = ../../Assets/Images/laserbeam.png; sourceTree = "<group>"; };
		EAA6EA8922254C1000E9A813 /* title.png */ = {isa = PBXFileReference; lastKnownFileType = image.png; name = title.png; path = ../../Assets/Images/title.png; sourceTree = "<group>"; };
		EAA6EA8A22254C1000E9A813 /* gameover.png */ = {isa = PBXFileReference; lastKnownFileType = image.png; name = gameover.png; path = ../../Assets/Images/gameover.png; sourceTree = "<group>"; };
		EAA6EA8B22254C1000E9A813 /* difficulty.png */ = {isa = PBXFileReference; lastKnownFileType = image.png; name = difficulty.png; path = ../../Assets/Images/difficulty.png; sourceTree = "<group>"; };
		EAA6EA8C22254C1000E9A813 /* spaceship.png */ = {isa = PBXFileReference; lastKnownFileType = image.png; name = spaceship.png; path = ../../Assets/Images/spaceship.png; sourceTree = "<group>"; };
		EAA6EA8D22254C1100E9A813 /* invader.png */ = {isa = PBXFileReference; lastKnownFileType = image.png; name = invader.png; path = ../../Assets/Images/invader.png; sourceTree = "<group>"; };
		EAA6EA9C2225508E00E9A813 /* spark.png */ = {isa = PBXFileReference; lastKnownFileType = image.png; name = spark.png; path = ../../Assets/spark.png; sourceTree = "<group>"; };
		EAA6EAA22225515500E9A813 /* SelectDiffScene.sks */ = {isa = PBXFileReference; lastKnownFileType = file.sks; path = SelectDiffScene.sks; sourceTree = "<group>"; };
		EAA6EAA4222551EB00E9A813 /* MenuScene.sks */ = {isa = PBXFileReference; lastKnownFileType = file.sks; path = MenuScene.sks; sourceTree = "<group>"; };
		EAA6EABE22255FD000E9A813 /* MenuScene.swift */ = {isa = PBXFileReference; lastKnownFileType = sourcecode.swift; path = MenuScene.swift; sourceTree = "<group>"; };
		EAA6EAC0222566C900E9A813 /* InstructionScene.sks */ = {isa = PBXFileReference; lastKnownFileType = file.sks; path = InstructionScene.sks; sourceTree = "<group>"; };
		EAA6EAC2222566EF00E9A813 /* CreditScene.sks */ = {isa = PBXFileReference; lastKnownFileType = file.sks; path = CreditScene.sks; sourceTree = "<group>"; };
		EAA6EADC2226D95100E9A813 /* InstructionScene.swift */ = {isa = PBXFileReference; lastKnownFileType = sourcecode.swift; path = InstructionScene.swift; sourceTree = "<group>"; };
		EAA6EADE2227FDAC00E9A813 /* CreditScene.swift */ = {isa = PBXFileReference; lastKnownFileType = sourcecode.swift; path = CreditScene.swift; sourceTree = "<group>"; };
		EAA6EAE02228589E00E9A813 /* SelectDiffScene.swift */ = {isa = PBXFileReference; lastKnownFileType = sourcecode.swift; path = SelectDiffScene.swift; sourceTree = "<group>"; };
		EAA6EAE2223E758A00E9A813 /* GameScene.sks */ = {isa = PBXFileReference; lastKnownFileType = file.sks; path = GameScene.sks; sourceTree = "<group>"; };
		EAA6EAE4223E75AF00E9A813 /* GameScene.swift */ = {isa = PBXFileReference; lastKnownFileType = sourcecode.swift; path = GameScene.swift; sourceTree = "<group>"; };
		EAA6EAE62258CAA800E9A813 /* GameOverScene.sks */ = {isa = PBXFileReference; lastKnownFileType = file.sks; path = GameOverScene.sks; sourceTree = "<group>"; };
		EAA6EAE82258CABE00E9A813 /* GameOverScene.swift */ = {isa = PBXFileReference; lastKnownFileType = sourcecode.swift; path = GameOverScene.swift; sourceTree = "<group>"; };
/* End PBXFileReference section */

/* Begin PBXFrameworksBuildPhase section */
		EAA6EA62221D6E0C00E9A813 /* Frameworks */ = {
			isa = PBXFrameworksBuildPhase;
			buildActionMask = 2147483647;
			files = (
			);
			runOnlyForDeploymentPostprocessing = 0;
		};
/* End PBXFrameworksBuildPhase section */

/* Begin PBXGroup section */
		EAA6EA5C221D6E0C00E9A813 = {
			isa = PBXGroup;
			children = (
				EAA6EA67221D6E0C00E9A813 /* Swift_Rift */,
				EAA6EA66221D6E0C00E9A813 /* Products */,
			);
			sourceTree = "<group>";
			usesTabs = 0;
		};
		EAA6EA66221D6E0C00E9A813 /* Products */ = {
			isa = PBXGroup;
			children = (
				EAA6EA65221D6E0C00E9A813 /* Swift_Rift.app */,
			);
			name = Products;
			sourceTree = "<group>";
		};
		EAA6EA67221D6E0C00E9A813 /* Swift_Rift */ = {
			isa = PBXGroup;
			children = (
				EAA6EA68221D6E0C00E9A813 /* AppDelegate.swift */,
				EAA6EA6C221D6E0C00E9A813 /* Actions.sks */,
				EAA6EAA4222551EB00E9A813 /* MenuScene.sks */,
				EAA6EABE22255FD000E9A813 /* MenuScene.swift */,
				EAA6EAC0222566C900E9A813 /* InstructionScene.sks */,
				EAA6EADC2226D95100E9A813 /* InstructionScene.swift */,
				EAA6EAC2222566EF00E9A813 /* CreditScene.sks */,
				EAA6EADE2227FDAC00E9A813 /* CreditScene.swift */,
				EAA6EAA22225515500E9A813 /* SelectDiffScene.sks */,
				EAA6EAE02228589E00E9A813 /* SelectDiffScene.swift */,
				EAA6EAE2223E758A00E9A813 /* GameScene.sks */,
				EAA6EAE4223E75AF00E9A813 /* GameScene.swift */,
				EAA6EAE62258CAA800E9A813 /* GameOverScene.sks */,
				EAA6EAE82258CABE00E9A813 /* GameOverScene.swift */,
				EAA6EA70221D6E0C00E9A813 /* GameViewController.swift */,
				EAA6EA72221D6E0C00E9A813 /* Main.storyboard */,
				EAA6EA8122254BFB00E9A813 /* explosion.mp3 */,
				EAA6EA8322254BFC00E9A813 /* Explosion.sks */,
				EAA6EA8222254BFB00E9A813 /* laser.mp3 */,
				EAA6EA8022254BFB00E9A813 /* Starfield.sks */,
				EAA6EA75221D6E0E00E9A813 /* Assets.xcassets */,
				EAA6EA9C2225508E00E9A813 /* spark.png */,
				EAA6EA8B22254C1000E9A813 /* difficulty.png */,
				EAA6EA8A22254C1000E9A813 /* gameover.png */,
				EAA6EA8D22254C1100E9A813 /* invader.png */,
				EAA6EA8822254C1000E9A813 /* laserbeam.png */,
				EAA6EA8C22254C1000E9A813 /* spaceship.png */,
				EAA6EA8922254C1000E9A813 /* title.png */,
				EAA6EA77221D6E0E00E9A813 /* LaunchScreen.storyboard */,
				EAA6EA7A221D6E0E00E9A813 /* Info.plist */,
			);
			path = Swift_Rift;
			sourceTree = "<group>";
		};
/* End PBXGroup section */

/* Begin PBXNativeTarget section */
		EAA6EA64221D6E0C00E9A813 /* Swift_Rift */ = {
			isa = PBXNativeTarget;
			buildConfigurationList = EAA6EA7D221D6E0E00E9A813 /* Build configuration list for PBXNativeTarget "Swift_Rift" */;
			buildPhases = (
				EAA6EA61221D6E0C00E9A813 /* Sources */,
				EAA6EA62221D6E0C00E9A813 /* Frameworks */,
				EAA6EA63221D6E0C00E9A813 /* Resources */,
			);
			buildRules = (
			);
			dependencies = (
			);
			name = Swift_Rift;
			productName = Swift_Rift;
			productReference = EAA6EA65221D6E0C00E9A813 /* Swift_Rift.app */;
			productType = "com.apple.product-type.application";
		};
/* End PBXNativeTarget section */

/* Begin PBXProject section */
		EAA6EA5D221D6E0C00E9A813 /* Project object */ = {
			isa = PBXProject;
			attributes = {
				LastSwiftUpdateCheck = 1010;
				LastUpgradeCheck = 1010;
				ORGANIZATIONNAME = "Erhan Ulusal";
				TargetAttributes = {
					EAA6EA64221D6E0C00E9A813 = {
						CreatedOnToolsVersion = 10.1;
					};
				};
			};
			buildConfigurationList = EAA6EA60221D6E0C00E9A813 /* Build configuration list for PBXProject "Swift_Rift" */;
			compatibilityVersion = "Xcode 9.3";
			developmentRegion = en;
			hasScannedForEncodings = 0;
			knownRegions = (
				en,
				Base,
			);
			mainGroup = EAA6EA5C221D6E0C00E9A813;
			productRefGroup = EAA6EA66221D6E0C00E9A813 /* Products */;
			projectDirPath = "";
			projectRoot = "";
			targets = (
				EAA6EA64221D6E0C00E9A813 /* Swift_Rift */,
			);
		};
/* End PBXProject section */

/* Begin PBXResourcesBuildPhase section */
		EAA6EA63221D6E0C00E9A813 /* Resources */ = {
			isa = PBXResourcesBuildPhase;
			buildActionMask = 2147483647;
			files = (
				EAA6EA8E22254C1100E9A813 /* laserbeam.png in Resources */,
				EAA6EA8422254BFC00E9A813 /* Starfield.sks in Resources */,
				EAA6EA74221D6E0C00E9A813 /* Main.storyboard in Resources */,
				EAA6EAA5222551EB00E9A813 /* MenuScene.sks in Resources */,
				EAA6EA76221D6E0E00E9A813 /* Assets.xcassets in Resources */,
				EAA6EA9022254C1100E9A813 /* gameover.png in Resources */,
				EAA6EA8522254BFC00E9A813 /* explosion.mp3 in Resources */,
				EAA6EAE72258CAA800E9A813 /* GameOverScene.sks in Resources */,
				EAA6EAC3222566EF00E9A813 /* CreditScene.sks in Resources */,
				EAA6EAA32225515500E9A813 /* SelectDiffScene.sks in Resources */,
				EAA6EA79221D6E0E00E9A813 /* LaunchScreen.storyboard in Resources */,
				EAA6EA9222254C1100E9A813 /* spaceship.png in Resources */,
				EAA6EA8622254BFC00E9A813 /* laser.mp3 in Resources */,
				EAA6EAC1222566C900E9A813 /* InstructionScene.sks in Resources */,
				EAA6EA6D221D6E0C00E9A813 /* Actions.sks in Resources */,
				EAA6EA9122254C1100E9A813 /* difficulty.png in Resources */,
				EAA6EA8722254BFC00E9A813 /* Explosion.sks in Resources */,
				EAA6EAE3223E758A00E9A813 /* GameScene.sks in Resources */,
				EAA6EA9D2225508E00E9A813 /* spark.png in Resources */,
				EAA6EA8F22254C1100E9A813 /* title.png in Resources */,
				EAA6EA9322254C1100E9A813 /* invader.png in Resources */,
			);
			runOnlyForDeploymentPostprocessing = 0;
		};
/* End PBXResourcesBuildPhase section */

/* Begin PBXSourcesBuildPhase section */
		EAA6EA61221D6E0C00E9A813 /* Sources */ = {
			isa = PBXSourcesBuildPhase;
			buildActionMask = 2147483647;
			files = (
				EAA6EABF22255FD000E9A813 /* MenuScene.swift in Sources */,
				EAA6EADD2226D95100E9A813 /* InstructionScene.swift in Sources */,
				EAA6EAE92258CABE00E9A813 /* GameOverScene.swift in Sources */,
				EAA6EA71221D6E0C00E9A813 /* GameViewController.swift in Sources */,
				EAA6EAE12228589E00E9A813 /* SelectDiffScene.swift in Sources */,
				EAA6EA69221D6E0C00E9A813 /* AppDelegate.swift in Sources */,
				EAA6EAE5223E75AF00E9A813 /* GameScene.swift in Sources */,
				EAA6EADF2227FDAC00E9A813 /* CreditScene.swift in Sources */,
			);
			runOnlyForDeploymentPostprocessing = 0;
		};
/* End PBXSourcesBuildPhase section */

/* Begin PBXVariantGroup section */
		EAA6EA72221D6E0C00E9A813 /* Main.storyboard */ = {
			isa = PBXVariantGroup;
			children = (
				EAA6EA73221D6E0C00E9A813 /* Base */,
			);
			name = Main.storyboard;
			sourceTree = "<group>";
		};
		EAA6EA77221D6E0E00E9A813 /* LaunchScreen.storyboard */ = {
			isa = PBXVariantGroup;
			children = (
				EAA6EA78221D6E0E00E9A813 /* Base */,
			);
			name = LaunchScreen.storyboard;
			sourceTree = "<group>";
		};
/* End PBXVariantGroup section */

/* Begin XCBuildConfiguration section */
		EAA6EA7B221D6E0E00E9A813 /* Debug */ = {
			isa = XCBuildConfiguration;
			buildSettings = {
				ALWAYS_SEARCH_USER_PATHS = NO;
				CLANG_ANALYZER_NONNULL = YES;
				CLANG_ANALYZER_NUMBER_OBJECT_CONVERSION = YES_AGGRESSIVE;
				CLANG_CXX_LANGUAGE_STANDARD = "gnu++14";
				CLANG_CXX_LIBRARY = "libc++";
				CLANG_ENABLE_MODULES = YES;
				CLANG_ENABLE_OBJC_ARC = YES;
				CLANG_ENABLE_OBJC_WEAK = YES;
				CLANG_WARN_BLOCK_CAPTURE_AUTORELEASING = YES;
				CLANG_WARN_BOOL_CONVERSION = YES;
				CLANG_WARN_COMMA = YES;
				CLANG_WARN_CONSTANT_CONVERSION = YES;
				CLANG_WARN_DEPRECATED_OBJC_IMPLEMENTATIONS = YES;
				CLANG_WARN_DIRECT_OBJC_ISA_USAGE = YES_ERROR;
				CLANG_WARN_DOCUMENTATION_COMMENTS = YES;
				CLANG_WARN_EMPTY_BODY = YES;
				CLANG_WARN_ENUM_CONVERSION = YES;
				CLANG_WARN_INFINITE_RECURSION = YES;
				CLANG_WARN_INT_CONVERSION = YES;
				CLANG_WARN_NON_LITERAL_NULL_CONVERSION = YES;
				CLANG_WARN_OBJC_IMPLICIT_RETAIN_SELF = YES;
				CLANG_WARN_OBJC_LITERAL_CONVERSION = YES;
				CLANG_WARN_OBJC_ROOT_CLASS = YES_ERROR;
				CLANG_WARN_RANGE_LOOP_ANALYSIS = YES;
				CLANG_WARN_STRICT_PROTOTYPES = YES;
				CLANG_WARN_SUSPICIOUS_MOVE = YES;
				CLANG_WARN_UNGUARDED_AVAILABILITY = YES_AGGRESSIVE;
				CLANG_WARN_UNREACHABLE_CODE = YES;
				CLANG_WARN__DUPLICATE_METHOD_MATCH = YES;
				CODE_SIGN_IDENTITY = "iPhone Developer";
				COPY_PHASE_STRIP = NO;
				DEBUG_INFORMATION_FORMAT = dwarf;
				ENABLE_STRICT_OBJC_MSGSEND = YES;
				ENABLE_TESTABILITY = YES;
				GCC_C_LANGUAGE_STANDARD = gnu11;
				GCC_DYNAMIC_NO_PIC = NO;
				GCC_NO_COMMON_BLOCKS = YES;
				GCC_OPTIMIZATION_LEVEL = 0;
				GCC_PREPROCESSOR_DEFINITIONS = (
					"DEBUG=1",
					"$(inherited)",
				);
				GCC_WARN_64_TO_32_BIT_CONVERSION = YES;
				GCC_WARN_ABOUT_RETURN_TYPE = YES_ERROR;
				GCC_WARN_UNDECLARED_SELECTOR = YES;
				GCC_WARN_UNINITIALIZED_AUTOS = YES_AGGRESSIVE;
				GCC_WARN_UNUSED_FUNCTION = YES;
				GCC_WARN_UNUSED_VARIABLE = YES;
				IPHONEOS_DEPLOYMENT_TARGET = 12.1;
				MTL_ENABLE_DEBUG_INFO = INCLUDE_SOURCE;
				MTL_FAST_MATH = YES;
				ONLY_ACTIVE_ARCH = YES;
				SDKROOT = iphoneos;
				SWIFT_ACTIVE_COMPILATION_CONDITIONS = DEBUG;
				SWIFT_OPTIMIZATION_LEVEL = "-Onone";
			};
			name = Debug;
		};
		EAA6EA7C221D6E0E00E9A813 /* Release */ = {
			isa = XCBuildConfiguration;
			buildSettings = {
				ALWAYS_SEARCH_USER_PATHS = NO;
				CLANG_ANALYZER_NONNULL = YES;
				CLANG_ANALYZER_NUMBER_OBJECT_CONVERSION = YES_AGGRESSIVE;
				CLANG_CXX_LANGUAGE_STANDARD = "gnu++14";
				CLANG_CXX_LIBRARY = "libc++";
				CLANG_ENABLE_MODULES = YES;
				CLANG_ENABLE_OBJC_ARC = YES;
				CLANG_ENABLE_OBJC_WEAK = YES;
				CLANG_WARN_BLOCK_CAPTURE_AUTORELEASING = YES;
				CLANG_WARN_BOOL_CONVERSION = YES;
				CLANG_WARN_COMMA = YES;
				CLANG_WARN_CONSTANT_CONVERSION = YES;
				CLANG_WARN_DEPRECATED_OBJC_IMPLEMENTATIONS = YES;
				CLANG_WARN_DIRECT_OBJC_ISA_USAGE = YES_ERROR;
				CLANG_WARN_DOCUMENTATION_COMMENTS = YES;
				CLANG_WARN_EMPTY_BODY = YES;
				CLANG_WARN_ENUM_CONVERSION = YES;
				CLANG_WARN_INFINITE_RECURSION = YES;
				CLANG_WARN_INT_CONVERSION = YES;
				CLANG_WARN_NON_LITERAL_NULL_CONVERSION = YES;
				CLANG_WARN_OBJC_IMPLICIT_RETAIN_SELF = YES;
				CLANG_WARN_OBJC_LITERAL_CONVERSION = YES;
				CLANG_WARN_OBJC_ROOT_CLASS = YES_ERROR;
				CLANG_WARN_RANGE_LOOP_ANALYSIS = YES;
				CLANG_WARN_STRICT_PROTOTYPES = YES;
				CLANG_WARN_SUSPICIOUS_MOVE = YES;
				CLANG_WARN_UNGUARDED_AVAILABILITY = YES_AGGRESSIVE;
				CLANG_WARN_UNREACHABLE_CODE = YES;
				CLANG_WARN__DUPLICATE_METHOD_MATCH = YES;
				CODE_SIGN_IDENTITY = "iPhone Developer";
				COPY_PHASE_STRIP = NO;
				DEBUG_INFORMATION_FORMAT = "dwarf-with-dsym";
				ENABLE_NS_ASSERTIONS = NO;
				ENABLE_STRICT_OBJC_MSGSEND = YES;
				GCC_C_LANGUAGE_STANDARD = gnu11;
				GCC_NO_COMMON_BLOCKS = YES;
				GCC_WARN_64_TO_32_BIT_CONVERSION = YES;
				GCC_WARN_ABOUT_RETURN_TYPE = YES_ERROR;
				GCC_WARN_UNDECLARED_SELECTOR = YES;
				GCC_WARN_UNINITIALIZED_AUTOS = YES_AGGRESSIVE;
				GCC_WARN_UNUSED_FUNCTION = YES;
				GCC_WARN_UNUSED_VARIABLE = YES;
				IPHONEOS_DEPLOYMENT_TARGET = 12.1;
				MTL_ENABLE_DEBUG_INFO = NO;
				MTL_FAST_MATH = YES;
				SDKROOT = iphoneos;
				SWIFT_COMPILATION_MODE = wholemodule;
				SWIFT_OPTIMIZATION_LEVEL = "-O";
				VALIDATE_PRODUCT = YES;
			};
			name = Release;
		};
		EAA6EA7E221D6E0E00E9A813 /* Debug */ = {
			isa = XCBuildConfiguration;
			buildSettings = {
				ASSETCATALOG_COMPILER_APPICON_NAME = AppIcon;
				CODE_SIGN_STYLE = Automatic;
				DEVELOPMENT_TEAM = TF449UD54R;
				INFOPLIST_FILE = Swift_Rift/Info.plist;
				LD_RUNPATH_SEARCH_PATHS = (
					"$(inherited)",
					"@executable_path/Frameworks",
				);
				PRODUCT_BUNDLE_IDENTIFIER = "uni.Swift-Rift";
				PRODUCT_NAME = "$(TARGET_NAME)";
				SWIFT_VERSION = 4.2;
				TARGETED_DEVICE_FAMILY = "1,2";
			};
			name = Debug;
		};
		EAA6EA7F221D6E0E00E9A813 /* Release */ = {
			isa = XCBuildConfiguration;
			buildSettings = {
				ASSETCATALOG_COMPILER_APPICON_NAME = AppIcon;
				CODE_SIGN_STYLE = Automatic;
				DEVELOPMENT_TEAM = TF449UD54R;
				INFOPLIST_FILE = Swift_Rift/Info.plist;
				LD_RUNPATH_SEARCH_PATHS = (
					"$(inherited)",
					"@executable_path/Frameworks",
				);
				PRODUCT_BUNDLE_IDENTIFIER = "uni.Swift-Rift";
				PRODUCT_NAME = "$(TARGET_NAME)";
				SWIFT_VERSION = 4.2;
				TARGETED_DEVICE_FAMILY = "1,2";
			};
			name = Release;
		};
/* End XCBuildConfiguration section */

/* Begin XCConfigurationList section */
		EAA6EA60221D6E0C00E9A813 /* Build configuration list for PBXProject "Swift_Rift" */ = {
			isa = XCConfigurationList;
			buildConfigurations = (
				EAA6EA7B221D6E0E00E9A813 /* Debug */,
				EAA6EA7C221D6E0E00E9A813 /* Release */,
			);
			defaultConfigurationIsVisible = 0;
			defaultConfigurationName = Release;
		};
		EAA6EA7D221D6E0E00E9A813 /* Build configuration list for PBXNativeTarget "Swift_Rift" */ = {
			isa = XCConfigurationList;
			buildConfigurations = (
				EAA6EA7E221D6E0E00E9A813 /* Debug */,
				EAA6EA7F221D6E0E00E9A813 /* Release */,
			);
			defaultConfigurationIsVisible = 0;
			defaultConfigurationName = Release;
		};
/* End XCConfigurationList section */
	};
	rootObject = EAA6EA5D221D6E0C00E9A813 /* Project object */;
}
